
Microsoft Visual Studio Solution File, Format Version 12.00
# Visual Studio Version 17
VisualStudioVersion = 17.13.35825.156 d17.13
MinimumVisualStudioVersion = 10.0.40219.1
Project("{FAE04EC0-301F-11D3-BF4B-00C04F79EFBC}") = "UmbracoFunction", "UmbracoFunction.csproj", "{10C36F46-3C97-58CB-AAB1-2CDA26602007}"
EndProject
Global
	GlobalSection(SolutionConfigurationPlatforms) = preSolution
		Debug|Any CPU = Debug|Any CPU
		Release|Any CPU = Release|Any CPU
	EndGlobalSection
	GlobalSection(ProjectConfigurationPlatforms) = postSolution
		{10C36F46-3C97-58CB-AAB1-2CDA26602007}.Debug|Any CPU.ActiveCfg = Debug|Any CPU
		{10C36F46-3C97-58CB-AAB1-2CDA26602007}.Debug|Any CPU.Build.0 = Debug|Any CPU
		{10C36F46-3C97-58CB-AAB1-2CDA26602007}.Release|Any CPU.ActiveCfg = Release|Any CPU
		{10C36F46-3C97-58CB-AAB1-2CDA26602007}.Release|Any CPU.Build.0 = Release|Any CPU
	EndGlobalSection
	GlobalSection(SolutionProperties) = preSolution
		HideSolutionNode = FALSE
	EndGlobalSection
	GlobalSection(ExtensibilityGlobals) = postSolution
		SolutionGuid = {FE5A4ADA-2F52-4980-9BDC-B524E128CBA3}
	EndGlobalSection
EndGlobal
